
Microsoft Visual Studio Solution File, Format Version 12.00
# Visual Studio Version 16
VisualStudioVersion = 16.0.30804.86
MinimumVisualStudioVersion = 10.0.40219.1
Project("{FAE04EC0-301F-11D3-BF4B-00C04F79EFBC}") = "Integration Testing", "Integration Testing.csproj", "{4919EE1B-C1BA-495D-8573-D35C3495C82A}"
EndProject
Global
	GlobalSection(SolutionConfigurationPlatforms) = preSolution
		Debug|Any CPU = Debug|Any CPU
		Release|Any CPU = Release|Any CPU
	EndGlobalSection
	GlobalSection(ProjectConfigurationPlatforms) = postSolution
		{4919EE1B-C1BA-495D-8573-D35C3495C82A}.Debug|Any CPU.ActiveCfg = Debug|Any CPU
		{4919EE1B-C1BA-495D-8573-D35C3495C82A}.Debug|Any CPU.Build.0 = Debug|Any CPU
		{4919EE1B-C1BA-495D-8573-D35C3495C82A}.Release|Any CPU.ActiveCfg = Release|Any CPU
		{4919EE1B-C1BA-495D-8573-D35C3495C82A}.Release|Any CPU.Build.0 = Release|Any CPU
	EndGlobalSection
	GlobalSection(SolutionProperties) = preSolution
		HideSolutionNode = FALSE
	EndGlobalSection
	GlobalSection(ExtensibilityGlobals) = postSolution
		SolutionGuid = {A4EB88ED-9BE4-45A7-BF65-9EF604509D67}
	EndGlobalSection
EndGlobal
